{
  "name": "no-more",
  "version": "1.0.0",
  "lockfileVersion": 3,
  "requires": true,
  "packages": {
    "": {
      "name": "no-more",
      "version": "1.0.0",
      "license": "MIT",
      "bin": {
        "no-more": "no-more.js",
        "no-more-html": "no-more-html.js",
        "protest": "protest.js"
      }
    }
  }
}
